
Microsoft Visual Studio Solution File, Format Version 12.00
# Visual Studio Version 17
VisualStudioVersion = 17.4.33110.190
MinimumVisualStudioVersion = 10.0.40219.1
Project("{FAE04EC0-301F-11D3-BF4B-00C04F79EFBC}") = "FinancyApp", "FinancyApp\FinancyApp.csproj", "{AB6B4722-DC1D-42E2-9D12-63EF6E059772}"
EndProject
Project("{FAE04EC0-301F-11D3-BF4B-00C04F79EFBC}") = "DL", "DL\DL.csproj", "{88D5A4A0-9DA5-4BC6-8B34-1D67483C3C3D}"
EndProject
Project("{FAE04EC0-301F-11D3-BF4B-00C04F79EFBC}") = "DAL", "DAL\DAL.csproj", "{6C2EB8C3-A623-45E6-915A-44FE397CC6DE}"
EndProject
Project("{FAE04EC0-301F-11D3-BF4B-00C04F79EFBC}") = "BLL", "BLL\BLL.csproj", "{8F8331D0-B174-41F3-B709-1FB56BCF89B3}"
EndProject
Global
	GlobalSection(SolutionConfigurationPlatforms) = preSolution
		Debug|Any CPU = Debug|Any CPU
		Release|Any CPU = Release|Any CPU
	EndGlobalSection
	GlobalSection(ProjectConfigurationPlatforms) = postSolution
		{AB6B4722-DC1D-42E2-9D12-63EF6E059772}.Debug|Any CPU.ActiveCfg = Debug|Any CPU
		{AB6B4722-DC1D-42E2-9D12-63EF6E059772}.Debug|Any CPU.Build.0 = Debug|Any CPU
		{AB6B4722-DC1D-42E2-9D12-63EF6E059772}.Release|Any CPU.ActiveCfg = Release|Any CPU
		{AB6B4722-DC1D-42E2-9D12-63EF6E059772}.Release|Any CPU.Build.0 = Release|Any CPU
		{88D5A4A0-9DA5-4BC6-8B34-1D67483C3C3D}.Debug|Any CPU.ActiveCfg = Debug|Any CPU
		{88D5A4A0-9DA5-4BC6-8B34-1D67483C3C3D}.Debug|Any CPU.Build.0 = Debug|Any CPU
		{88D5A4A0-9DA5-4BC6-8B34-1D67483C3C3D}.Release|Any CPU.ActiveCfg = Release|Any CPU
		{88D5A4A0-9DA5-4BC6-8B34-1D67483C3C3D}.Release|Any CPU.Build.0 = Release|Any CPU
		{6C2EB8C3-A623-45E6-915A-44FE397CC6DE}.Debug|Any CPU.ActiveCfg = Debug|Any CPU
		{6C2EB8C3-A623-45E6-915A-44FE397CC6DE}.Debug|Any CPU.Build.0 = Debug|Any CPU
		{6C2EB8C3-A623-45E6-915A-44FE397CC6DE}.Release|Any CPU.ActiveCfg = Release|Any CPU
		{6C2EB8C3-A623-45E6-915A-44FE397CC6DE}.Release|Any CPU.Build.0 = Release|Any CPU
		{8F8331D0-B174-41F3-B709-1FB56BCF89B3}.Debug|Any CPU.ActiveCfg = Debug|Any CPU
		{8F8331D0-B174-41F3-B709-1FB56BCF89B3}.Debug|Any CPU.Build.0 = Debug|Any CPU
		{8F8331D0-B174-41F3-B709-1FB56BCF89B3}.Release|Any CPU.ActiveCfg = Release|Any CPU
		{8F8331D0-B174-41F3-B709-1FB56BCF89B3}.Release|Any CPU.Build.0 = Release|Any CPU
	EndGlobalSection
	GlobalSection(SolutionProperties) = preSolution
		HideSolutionNode = FALSE
	EndGlobalSection
	GlobalSection(ExtensibilityGlobals) = postSolution
		SolutionGuid = {54AFF0B9-D617-4FF9-9D4E-33A6813627B2}
	EndGlobalSection
EndGlobal
